
Microsoft Visual Studio Solution File, Format Version 12.00
# Visual Studio 15
VisualStudioVersion = 15.0.26228.9
MinimumVisualStudioVersion = 10.0.40219.1
Project("{FAE04EC0-301F-11D3-BF4B-00C04F79EFBC}") = "Jasmine.Api", "Backend\Jasmine.Api\Jasmine.Api.csproj", "{F6D083F2-589B-470C-B726-2745102F7E63}"
EndProject
Project("{FAE04EC0-301F-11D3-BF4B-00C04F79EFBC}") = "Rajah.WebUI", "Rajah.WebUI\Rajah.WebUI.csproj", "{65729715-5DB4-40F2-9317-F34552E3581F}"
EndProject
Project("{2150E333-8FDC-42A3-9474-1A3956D46DE8}") = "Clients", "Clients", "{405A86DE-6071-476C-9E9A-08CD13426179}"
EndProject
Project("{2150E333-8FDC-42A3-9474-1A3956D46DE8}") = "python", "python", "{06F4638E-01A9-40A8-A18A-167F8B807655}"
EndProject
Project("{2150E333-8FDC-42A3-9474-1A3956D46DE8}") = "pir", "pir", "{B272E711-C7CC-4ABC-8AAA-EAB3349ABDDE}"
	ProjectSection(SolutionItems) = preProject
		Clients\python\pir\config.cfg = Clients\python\pir\config.cfg
		Clients\python\pir\pir.py = Clients\python\pir\pir.py
	EndProjectSection
EndProject
Project("{2150E333-8FDC-42A3-9474-1A3956D46DE8}") = "range", "range", "{167736C3-6954-45AF-931F-DACA13F8EFB7}"
	ProjectSection(SolutionItems) = preProject
		Clients\python\range\config.cfg = Clients\python\range\config.cfg
		Clients\python\range\range.py = Clients\python\range\range.py
	EndProjectSection
EndProject
Global
	GlobalSection(SolutionConfigurationPlatforms) = preSolution
		Debug|Any CPU = Debug|Any CPU
		Release|Any CPU = Release|Any CPU
	EndGlobalSection
	GlobalSection(ProjectConfigurationPlatforms) = postSolution
		{F6D083F2-589B-470C-B726-2745102F7E63}.Debug|Any CPU.ActiveCfg = Debug|Any CPU
		{F6D083F2-589B-470C-B726-2745102F7E63}.Debug|Any CPU.Build.0 = Debug|Any CPU
		{F6D083F2-589B-470C-B726-2745102F7E63}.Release|Any CPU.ActiveCfg = Release|Any CPU
		{F6D083F2-589B-470C-B726-2745102F7E63}.Release|Any CPU.Build.0 = Release|Any CPU
		{65729715-5DB4-40F2-9317-F34552E3581F}.Debug|Any CPU.ActiveCfg = Debug|Any CPU
		{65729715-5DB4-40F2-9317-F34552E3581F}.Debug|Any CPU.Build.0 = Debug|Any CPU
		{65729715-5DB4-40F2-9317-F34552E3581F}.Release|Any CPU.ActiveCfg = Release|Any CPU
		{65729715-5DB4-40F2-9317-F34552E3581F}.Release|Any CPU.Build.0 = Release|Any CPU
	EndGlobalSection
	GlobalSection(SolutionProperties) = preSolution
		HideSolutionNode = FALSE
	EndGlobalSection
	GlobalSection(NestedProjects) = preSolution
		{06F4638E-01A9-40A8-A18A-167F8B807655} = {405A86DE-6071-476C-9E9A-08CD13426179}
		{B272E711-C7CC-4ABC-8AAA-EAB3349ABDDE} = {06F4638E-01A9-40A8-A18A-167F8B807655}
		{167736C3-6954-45AF-931F-DACA13F8EFB7} = {06F4638E-01A9-40A8-A18A-167F8B807655}
	EndGlobalSection
EndGlobal
